
Microsoft Visual Studio Solution File, Format Version 12.00
# Visual Studio Version 17
VisualStudioVersion = 17.0.31912.275
MinimumVisualStudioVersion = 10.0.40219.1
Project("{9A19103F-16F7-4668-BE54-9A1E7A4F7556}") = "MiddleWare", "MiddleWare\MiddleWare.csproj", "{668627BE-56D9-4049-BDEF-B1EFAA16A623}"
	ProjectSection(ProjectDependencies) = postProject
		{43DE0FCD-FBFC-4BB4-A1B5-C329DEAC7903} = {43DE0FCD-FBFC-4BB4-A1B5-C329DEAC7903}
	EndProjectSection
EndProject
Project("{9A19103F-16F7-4668-BE54-9A1E7A4F7556}") = "RestApi", "RestApi\RestApi.csproj", "{0F077A1F-3B29-4B7D-8F94-BAE07AE5ED40}"
EndProject
Project("{9A19103F-16F7-4668-BE54-9A1E7A4F7556}") = "DataLayer", "DataLayer\DataLayer.csproj", "{54E5593D-7F88-4B0E-88C5-A261DC5BFD04}"
EndProject
Project("{9A19103F-16F7-4668-BE54-9A1E7A4F7556}") = "DataModel", "DataModel\DataModel.csproj", "{5781DA43-433A-455D-AAA4-C57711112429}"
EndProject
Project("{9A19103F-16F7-4668-BE54-9A1E7A4F7556}") = "NotificationUtil", "NotificationUtil\NotificationUtil.csproj", "{43DE0FCD-FBFC-4BB4-A1B5-C329DEAC7903}"
	ProjectSection(ProjectDependencies) = postProject
		{54E5593D-7F88-4B0E-88C5-A261DC5BFD04} = {54E5593D-7F88-4B0E-88C5-A261DC5BFD04}
		{5781DA43-433A-455D-AAA4-C57711112429} = {5781DA43-433A-455D-AAA4-C57711112429}
	EndProjectSection
EndProject
Project("{9A19103F-16F7-4668-BE54-9A1E7A4F7556}") = "Jobs", "Jobs\Jobs.csproj", "{48FC9C39-0440-433C-86CA-C57444982CA7}"
	ProjectSection(ProjectDependencies) = postProject
		{54E5593D-7F88-4B0E-88C5-A261DC5BFD04} = {54E5593D-7F88-4B0E-88C5-A261DC5BFD04}
		{5781DA43-433A-455D-AAA4-C57711112429} = {5781DA43-433A-455D-AAA4-C57711112429}
		{43DE0FCD-FBFC-4BB4-A1B5-C329DEAC7903} = {43DE0FCD-FBFC-4BB4-A1B5-C329DEAC7903}
	EndProjectSection
EndProject
Global
	GlobalSection(SolutionConfigurationPlatforms) = preSolution
		Debug|Any CPU = Debug|Any CPU
		Release|Any CPU = Release|Any CPU
	EndGlobalSection
	GlobalSection(ProjectConfigurationPlatforms) = postSolution
		{668627BE-56D9-4049-BDEF-B1EFAA16A623}.Debug|Any CPU.ActiveCfg = Debug|Any CPU
		{668627BE-56D9-4049-BDEF-B1EFAA16A623}.Debug|Any CPU.Build.0 = Debug|Any CPU
		{668627BE-56D9-4049-BDEF-B1EFAA16A623}.Release|Any CPU.ActiveCfg = Release|Any CPU
		{668627BE-56D9-4049-BDEF-B1EFAA16A623}.Release|Any CPU.Build.0 = Release|Any CPU
		{0F077A1F-3B29-4B7D-8F94-BAE07AE5ED40}.Debug|Any CPU.ActiveCfg = Debug|Any CPU
		{0F077A1F-3B29-4B7D-8F94-BAE07AE5ED40}.Debug|Any CPU.Build.0 = Debug|Any CPU
		{0F077A1F-3B29-4B7D-8F94-BAE07AE5ED40}.Release|Any CPU.ActiveCfg = Release|Any CPU
		{0F077A1F-3B29-4B7D-8F94-BAE07AE5ED40}.Release|Any CPU.Build.0 = Release|Any CPU
		{54E5593D-7F88-4B0E-88C5-A261DC5BFD04}.Debug|Any CPU.ActiveCfg = Debug|Any CPU
		{54E5593D-7F88-4B0E-88C5-A261DC5BFD04}.Debug|Any CPU.Build.0 = Debug|Any CPU
		{54E5593D-7F88-4B0E-88C5-A261DC5BFD04}.Release|Any CPU.ActiveCfg = Release|Any CPU
		{54E5593D-7F88-4B0E-88C5-A261DC5BFD04}.Release|Any CPU.Build.0 = Release|Any CPU
		{5781DA43-433A-455D-AAA4-C57711112429}.Debug|Any CPU.ActiveCfg = Debug|Any CPU
		{5781DA43-433A-455D-AAA4-C57711112429}.Debug|Any CPU.Build.0 = Debug|Any CPU
		{5781DA43-433A-455D-AAA4-C57711112429}.Release|Any CPU.ActiveCfg = Release|Any CPU
		{5781DA43-433A-455D-AAA4-C57711112429}.Release|Any CPU.Build.0 = Release|Any CPU
		{43DE0FCD-FBFC-4BB4-A1B5-C329DEAC7903}.Debug|Any CPU.ActiveCfg = Debug|Any CPU
		{43DE0FCD-FBFC-4BB4-A1B5-C329DEAC7903}.Debug|Any CPU.Build.0 = Debug|Any CPU
		{43DE0FCD-FBFC-4BB4-A1B5-C329DEAC7903}.Release|Any CPU.ActiveCfg = Release|Any CPU
		{43DE0FCD-FBFC-4BB4-A1B5-C329DEAC7903}.Release|Any CPU.Build.0 = Release|Any CPU
		{48FC9C39-0440-433C-86CA-C57444982CA7}.Debug|Any CPU.ActiveCfg = Debug|Any CPU
		{48FC9C39-0440-433C-86CA-C57444982CA7}.Debug|Any CPU.Build.0 = Debug|Any CPU
		{48FC9C39-0440-433C-86CA-C57444982CA7}.Release|Any CPU.ActiveCfg = Release|Any CPU
		{48FC9C39-0440-433C-86CA-C57444982CA7}.Release|Any CPU.Build.0 = Release|Any CPU
	EndGlobalSection
	GlobalSection(SolutionProperties) = preSolution
		HideSolutionNode = FALSE
	EndGlobalSection
	GlobalSection(ExtensibilityGlobals) = postSolution
		SolutionGuid = {BCEA69C7-143B-4432-87DB-D00F7BF69179}
	EndGlobalSection
EndGlobal
